// !$*UTF8*$!
{
	archiveVersion = 1;
	classes = {
	};
	objectVersion = 46;
	objects = {

/* Begin PBXBuildFile section */
		BC562318197D463F00A9D8C8 /* NotebookModel.xcdatamodeld in Sources */ = {isa = PBXBuildFile; fileRef = BC562316197D463F00A9D8C8 /* NotebookModel.xcdatamodeld */; };
		BC5CDFB51975499900E636B5 /* SinglePerson.m in Sources */ = {isa = PBXBuildFile; fileRef = BC5CDFB41975499900E636B5 /* SinglePerson.m */; };
		BC88B3311973F8A900C6476D /* Foundation.framework in Frameworks */ = {isa = PBXBuildFile; fileRef = BC88B3301973F8A900C6476D /* Foundation.framework */; };
		BC88B3331973F8A900C6476D /* CoreGraphics.framework in Frameworks */ = {isa = PBXBuildFile; fileRef = BC88B3321973F8A900C6476D /* CoreGraphics.framework */; };
		BC88B3351973F8A900C6476D /* UIKit.framework in Frameworks */ = {isa = PBXBuildFile; fileRef = BC88B3341973F8A900C6476D /* UIKit.framework */; };
		BC88B33B1973F8A900C6476D /* InfoPlist.strings in Resources */ = {isa = PBXBuildFile; fileRef = BC88B3391973F8A900C6476D /* InfoPlist.strings */; };
		BC88B33D1973F8A900C6476D /* main.m in Sources */ = {isa = PBXBuildFile; fileRef = BC88B33C1973F8A900C6476D /* main.m */; };
		BC88B3411973F8A900C6476D /* AppDelegate.m in Sources */ = {isa = PBXBuildFile; fileRef = BC88B3401973F8A900C6476D /* AppDelegate.m */; };
		BC88B34A1973F8A900C6476D /* ViewController.m in Sources */ = {isa = PBXBuildFile; fileRef = BC88B3491973F8A900C6476D /* ViewController.m */; };
		BC88B34C1973F8A900C6476D /* Images.xcassets in Resources */ = {isa = PBXBuildFile; fileRef = BC88B34B1973F8A900C6476D /* Images.xcassets */; };
		BC88B3531973F8A900C6476D /* XCTest.framework in Frameworks */ = {isa = PBXBuildFile; fileRef = BC88B3521973F8A900C6476D /* XCTest.framework */; };
		BC88B3541973F8A900C6476D /* Foundation.framework in Frameworks */ = {isa = PBXBuildFile; fileRef = BC88B3301973F8A900C6476D /* Foundation.framework */; };
		BC88B3551973F8A900C6476D /* UIKit.framework in Frameworks */ = {isa = PBXBuildFile; fileRef = BC88B3341973F8A900C6476D /* UIKit.framework */; };
		BC88B35D1973F8A900C6476D /* InfoPlist.strings in Resources */ = {isa = PBXBuildFile; fileRef = BC88B35B1973F8A900C6476D /* InfoPlist.strings */; };
		BC88B35F1973F8A900C6476D /* Notebook2Tests.m in Sources */ = {isa = PBXBuildFile; fileRef = BC88B35E1973F8A900C6476D /* Notebook2Tests.m */; };
		BC88B36C197400AF00C6476D /* ContactsModel.m in Sources */ = {isa = PBXBuildFile; fileRef = BC88B36B197400AF00C6476D /* ContactsModel.m */; };
		BC88B3701974025B00C6476D /* AddEditViewController.m in Sources */ = {isa = PBXBuildFile; fileRef = BC88B36E1974025B00C6476D /* AddEditViewController.m */; };
		BCA58372197FF15F009B4D00 /* AddEditViewController.xib in Resources */ = {isa = PBXBuildFile; fileRef = BCA58374197FF15F009B4D00 /* AddEditViewController.xib */; };
		BCA5837619802602009B4D00 /* ViewController.xib in Resources */ = {isa = PBXBuildFile; fileRef = BCA5837519802602009B4D00 /* ViewController.xib */; };
		BCAD072B197E5BCB0037ED00 /* NoteBookRepository.m in Sources */ = {isa = PBXBuildFile; fileRef = BCAD072A197E5BCB0037ED00 /* NoteBookRepository.m */; };
		BCAD072D197EA5CB0037ED00 /* FacebookSDK.framework in Frameworks */ = {isa = PBXBuildFile; fileRef = BCAD072C197EA5CB0037ED00 /* FacebookSDK.framework */; };
/* End PBXBuildFile section */

/* Begin PBXContainerItemProxy section */
		BC88B3561973F8A900C6476D /* PBXContainerItemProxy */ = {
			isa = PBXContainerItemProxy;
			containerPortal = BC88B3251973F8A900C6476D /* Project object */;
			proxyType = 1;
			remoteGlobalIDString = BC88B32C1973F8A900C6476D;
			remoteInfo = Notebook2;
		};
/* End PBXContainerItemProxy section */

/* Begin PBXFileReference section */
		BC562317197D463F00A9D8C8 /* NotebookModel.xcdatamodel */ = {isa = PBXFileReference; lastKnownFileType = wrapper.xcdatamodel; path = NotebookModel.xcdatamodel; sourceTree = "<group>"; };
		BC5CDFB31975499900E636B5 /* SinglePerson.h */ = {isa = PBXFileReference; fileEncoding = 4; lastKnownFileType = sourcecode.c.h; path = SinglePerson.h; sourceTree = "<group>"; };
		BC5CDFB41975499900E636B5 /* SinglePerson.m */ = {isa = PBXFileReference; fileEncoding = 4; lastKnownFileType = sourcecode.c.objc; path = SinglePerson.m; sourceTree = "<group>"; };
		BC88B32D1973F8A900C6476D /* Notebook2.app */ = {isa = PBXFileReference; explicitFileType = wrapper.application; includeInIndex = 0; path = Notebook2.app; sourceTree = BUILT_PRODUCTS_DIR; };
		BC88B3301973F8A900C6476D /* Foundation.framework */ = {isa = PBXFileReference; lastKnownFileType = wrapper.framework; name = Foundation.framework; path = System/Library/Frameworks/Foundation.framework; sourceTree = SDKROOT; };
		BC88B3321973F8A900C6476D /* CoreGraphics.framework */ = {isa = PBXFileReference; lastKnownFileType = wrapper.framework; name = CoreGraphics.framework; path = System/Library/Frameworks/CoreGraphics.framework; sourceTree = SDKROOT; };
		BC88B3341973F8A900C6476D /* UIKit.framework */ = {isa = PBXFileReference; lastKnownFileType = wrapper.framework; name = UIKit.framework; path = System/Library/Frameworks/UIKit.framework; sourceTree = SDKROOT; };
		BC88B3381973F8A900C6476D /* Notebook2-Info.plist */ = {isa = PBXFileReference; lastKnownFileType = text.plist.xml; path = "Notebook2-Info.plist"; sourceTree = "<group>"; };
		BC88B33A1973F8A900C6476D /* en */ = {isa = PBXFileReference; lastKnownFileType = text.plist.strings; name = en; path = en.lproj/InfoPlist.strings; sourceTree = "<group>"; };
		BC88B33C1973F8A900C6476D /* main.m */ = {isa = PBXFileReference; lastKnownFileType = sourcecode.c.objc; path = main.m; sourceTree = "<group>"; };
		BC88B33E1973F8A900C6476D /* Notebook2-Prefix.pch */ = {isa = PBXFileReference; lastKnownFileType = sourcecode.c.h; path = "Notebook2-Prefix.pch"; sourceTree = "<group>"; };
		BC88B33F1973F8A900C6476D /* AppDelegate.h */ = {isa = PBXFileReference; lastKnownFileType = sourcecode.c.h; path = AppDelegate.h; sourceTree = "<group>"; };
		BC88B3401973F8A900C6476D /* AppDelegate.m */ = {isa = PBXFileReference; lastKnownFileType = sourcecode.c.objc; path = AppDelegate.m; sourceTree = "<group>"; };
		BC88B3481973F8A900C6476D /* ViewController.h */ = {isa = PBXFileReference; lastKnownFileType = sourcecode.c.h; path = ViewController.h; sourceTree = "<group>"; };
		BC88B3491973F8A900C6476D /* ViewController.m */ = {isa = PBXFileReference; lastKnownFileType = sourcecode.c.objc; path = ViewController.m; sourceTree = "<group>"; };
		BC88B34B1973F8A900C6476D /* Images.xcassets */ = {isa = PBXFileReference; lastKnownFileType = folder.assetcatalog; path = Images.xcassets; sourceTree = "<group>"; };
		BC88B3511973F8A900C6476D /* Notebook2Tests.xctest */ = {isa = PBXFileReference; explicitFileType = wrapper.cfbundle; includeInIndex = 0; path = Notebook2Tests.xctest; sourceTree = BUILT_PRODUCTS_DIR; };
		BC88B3521973F8A900C6476D /* XCTest.framework */ = {isa = PBXFileReference; lastKnownFileType = wrapper.framework; name = XCTest.framework; path = Library/Frameworks/XCTest.framework; sourceTree = DEVELOPER_DIR; };
		BC88B35A1973F8A900C6476D /* Notebook2Tests-Info.plist */ = {isa = PBXFileReference; lastKnownFileType = text.plist.xml; path = "Notebook2Tests-Info.plist"; sourceTree = "<group>"; };
		BC88B35C1973F8A900C6476D /* en */ = {isa = PBXFileReference; lastKnownFileType = text.plist.strings; name = en; path = en.lproj/InfoPlist.strings; sourceTree = "<group>"; };
		BC88B35E1973F8A900C6476D /* Notebook2Tests.m */ = {isa = PBXFileReference; lastKnownFileType = sourcecode.c.objc; path = Notebook2Tests.m; sourceTree = "<group>"; };
		BC88B36A197400AF00C6476D /* ContactsModel.h */ = {isa = PBXFileReference; fileEncoding = 4; lastKnownFileType = sourcecode.c.h; name = ContactsModel.h; path = Notebook2/ContactsModel.h; sourceTree = "<group>"; };
		BC88B36B197400AF00C6476D /* ContactsModel.m */ = {isa = PBXFileReference; fileEncoding = 4; lastKnownFileType = sourcecode.c.objc; name = ContactsModel.m; path = Notebook2/ContactsModel.m; sourceTree = "<group>"; };
		BC88B36D1974025B00C6476D /* AddEditViewController.h */ = {isa = PBXFileReference; fileEncoding = 4; lastKnownFileType = sourcecode.c.h; path = AddEditViewController.h; sourceTree = "<group>"; };
		BC88B36E1974025B00C6476D /* AddEditViewController.m */ = {isa = PBXFileReference; fileEncoding = 4; lastKnownFileType = sourcecode.c.objc; path = AddEditViewController.m; sourceTree = "<group>"; };
		BCA58373197FF15F009B4D00 /* en */ = {isa = PBXFileReference; lastKnownFileType = file.xib; name = en; path = en.lproj/AddEditViewController.xib; sourceTree = "<group>"; };
		BCA5837519802602009B4D00 /* ViewController.xib */ = {isa = PBXFileReference; fileEncoding = 4; lastKnownFileType = file.xib; path = ViewController.xib; sourceTree = "<group>"; };
		BCAD0729197E5BCB0037ED00 /* NoteBookRepository.h */ = {isa = PBXFileReference; fileEncoding = 4; lastKnownFileType = sourcecode.c.h; name = NoteBookRepository.h; path = ../NoteBookRepository.h; sourceTree = "<group>"; };
		BCAD072A197E5BCB0037ED00 /* NoteBookRepository.m */ = {isa = PBXFileReference; fileEncoding = 4; lastKnownFileType = sourcecode.c.objc; name = NoteBookRepository.m; path = ../NoteBookRepository.m; sourceTree = "<group>"; };
		BCAD072C197EA5CB0037ED00 /* FacebookSDK.framework */ = {isa = PBXFileReference; lastKnownFileType = wrapper.framework; name = FacebookSDK.framework; path = ../../Documents/FacebookSDK/FacebookSDK.framework; sourceTree = "<group>"; };
/* End PBXFileReference section */

/* Begin PBXFrameworksBuildPhase section */
		BC88B32A1973F8A900C6476D /* Frameworks */ = {
			isa = PBXFrameworksBuildPhase;
			buildActionMask = 2147483647;
			files = (
				BC88B3331973F8A900C6476D /* CoreGraphics.framework in Frameworks */,
				BCAD072D197EA5CB0037ED00 /* FacebookSDK.framework in Frameworks */,
				BC88B3351973F8A900C6476D /* UIKit.framework in Frameworks */,
				BC88B3311973F8A900C6476D /* Foundation.framework in Frameworks */,
			);
			runOnlyForDeploymentPostprocessing = 0;
		};
		BC88B34E1973F8A900C6476D /* Frameworks */ = {
			isa = PBXFrameworksBuildPhase;
			buildActionMask = 2147483647;
			files = (
				BC88B3531973F8A900C6476D /* XCTest.framework in Frameworks */,
				BC88B3551973F8A900C6476D /* UIKit.framework in Frameworks */,
				BC88B3541973F8A900C6476D /* Foundation.framework in Frameworks */,
			);
			runOnlyForDeploymentPostprocessing = 0;
		};
/* End PBXFrameworksBuildPhase section */

/* Begin PBXGroup section */
		BC88B3241973F8A900C6476D = {
			isa = PBXGroup;
			children = (
				BC88B3751974162000C6476D /* Model */,
				BC88B3361973F8A900C6476D /* ViewController */,
				BC88B3581973F8A900C6476D /* Notebook2Tests */,
				BC88B32F1973F8A900C6476D /* Frameworks */,
				BC88B32E1973F8A900C6476D /* Products */,
			);
			sourceTree = "<group>";
		};
		BC88B32E1973F8A900C6476D /* Products */ = {
			isa = PBXGroup;
			children = (
				BC88B32D1973F8A900C6476D /* Notebook2.app */,
				BC88B3511973F8A900C6476D /* Notebook2Tests.xctest */,
			);
			name = Products;
			sourceTree = "<group>";
		};
		BC88B32F1973F8A900C6476D /* Frameworks */ = {
			isa = PBXGroup;
			children = (
				BCAD072C197EA5CB0037ED00 /* FacebookSDK.framework */,
				BC88B3301973F8A900C6476D /* Foundation.framework */,
				BC88B3321973F8A900C6476D /* CoreGraphics.framework */,
				BC88B3341973F8A900C6476D /* UIKit.framework */,
				BC88B3521973F8A900C6476D /* XCTest.framework */,
			);
			name = Frameworks;
			sourceTree = "<group>";
		};
		BC88B3361973F8A900C6476D /* ViewController */ = {
			isa = PBXGroup;
			children = (
				BC88B33F1973F8A900C6476D /* AppDelegate.h */,
				BC88B3401973F8A900C6476D /* AppDelegate.m */,
				BC88B3481973F8A900C6476D /* ViewController.h */,
				BC88B3491973F8A900C6476D /* ViewController.m */,
				BCA5837519802602009B4D00 /* ViewController.xib */,
				BC88B34B1973F8A900C6476D /* Images.xcassets */,
				BC88B3371973F8A900C6476D /* Supporting Files */,
				BC88B36D1974025B00C6476D /* AddEditViewController.h */,
				BC88B36E1974025B00C6476D /* AddEditViewController.m */,
				BCA58374197FF15F009B4D00 /* AddEditViewController.xib */,
			);
			name = ViewController;
			path = Notebook2;
			sourceTree = "<group>";
		};
		BC88B3371973F8A900C6476D /* Supporting Files */ = {
			isa = PBXGroup;
			children = (
				BC88B3381973F8A900C6476D /* Notebook2-Info.plist */,
				BC88B3391973F8A900C6476D /* InfoPlist.strings */,
				BC88B33C1973F8A900C6476D /* main.m */,
				BC88B33E1973F8A900C6476D /* Notebook2-Prefix.pch */,
			);
			name = "Supporting Files";
			sourceTree = "<group>";
		};
		BC88B3581973F8A900C6476D /* Notebook2Tests */ = {
			isa = PBXGroup;
			children = (
				BC88B35E1973F8A900C6476D /* Notebook2Tests.m */,
				BC88B3591973F8A900C6476D /* Supporting Files */,
			);
			path = Notebook2Tests;
			sourceTree = "<group>";
		};
		BC88B3591973F8A900C6476D /* Supporting Files */ = {
			isa = PBXGroup;
			children = (
				BC88B35A1973F8A900C6476D /* Notebook2Tests-Info.plist */,
				BC88B35B1973F8A900C6476D /* InfoPlist.strings */,
			);
			name = "Supporting Files";
			sourceTree = "<group>";
		};
		BC88B3751974162000C6476D /* Model */ = {
			isa = PBXGroup;
			children = (
				BC88B36A197400AF00C6476D /* ContactsModel.h */,
				BC88B36B197400AF00C6476D /* ContactsModel.m */,
				BC5CDFB31975499900E636B5 /* SinglePerson.h */,
				BC5CDFB41975499900E636B5 /* SinglePerson.m */,
				BC562316197D463F00A9D8C8 /* NotebookModel.xcdatamodeld */,
				BCAD0729197E5BCB0037ED00 /* NoteBookRepository.h */,
				BCAD072A197E5BCB0037ED00 /* NoteBookRepository.m */,
			);
			name = Model;
			sourceTree = "<group>";
		};
/* End PBXGroup section */

/* Begin PBXNativeTarget section */
		BC88B32C1973F8A900C6476D /* Notebook2 */ = {
			isa = PBXNativeTarget;
			buildConfigurationList = BC88B3621973F8A900C6476D /* Build configuration list for PBXNativeTarget "Notebook2" */;
			buildPhases = (
				BC88B3291973F8A900C6476D /* Sources */,
				BC88B32A1973F8A900C6476D /* Frameworks */,
				BC88B32B1973F8A900C6476D /* Resources */,
			);
			buildRules = (
			);
			dependencies = (
			);
			name = Notebook2;
			productName = Notebook2;
			productReference = BC88B32D1973F8A900C6476D /* Notebook2.app */;
			productType = "com.apple.product-type.application";
		};
		BC88B3501973F8A900C6476D /* Notebook2Tests */ = {
			isa = PBXNativeTarget;
			buildConfigurationList = BC88B3651973F8A900C6476D /* Build configuration list for PBXNativeTarget "Notebook2Tests" */;
			buildPhases = (
				BC88B34D1973F8A900C6476D /* Sources */,
				BC88B34E1973F8A900C6476D /* Frameworks */,
				BC88B34F1973F8A900C6476D /* Resources */,
			);
			buildRules = (
			);
			dependencies = (
				BC88B3571973F8A900C6476D /* PBXTargetDependency */,
			);
			name = Notebook2Tests;
			productName = Notebook2Tests;
			productReference = BC88B3511973F8A900C6476D /* Notebook2Tests.xctest */;
			productType = "com.apple.product-type.bundle.unit-test";
		};
/* End PBXNativeTarget section */

/* Begin PBXProject section */
		BC88B3251973F8A900C6476D /* Project object */ = {
			isa = PBXProject;
			attributes = {
				LastUpgradeCheck = 0510;
				ORGANIZATIONNAME = sandbox;
				TargetAttributes = {
					BC88B3501973F8A900C6476D = {
						TestTargetID = BC88B32C1973F8A900C6476D;
					};
				};
			};
			buildConfigurationList = BC88B3281973F8A900C6476D /* Build configuration list for PBXProject "Notebook2" */;
			compatibilityVersion = "Xcode 3.2";
			developmentRegion = English;
			hasScannedForEncodings = 0;
			knownRegions = (
				en,
				Base,
			);
			mainGroup = BC88B3241973F8A900C6476D;
			productRefGroup = BC88B32E1973F8A900C6476D /* Products */;
			projectDirPath = "";
			projectRoot = "";
			targets = (
				BC88B32C1973F8A900C6476D /* Notebook2 */,
				BC88B3501973F8A900C6476D /* Notebook2Tests */,
			);
		};
/* End PBXProject section */

/* Begin PBXResourcesBuildPhase section */
		BC88B32B1973F8A900C6476D /* Resources */ = {
			isa = PBXResourcesBuildPhase;
			buildActionMask = 2147483647;
			files = (
				BCA58372197FF15F009B4D00 /* AddEditViewController.xib in Resources */,
				BC88B34C1973F8A900C6476D /* Images.xcassets in Resources */,
				BCA5837619802602009B4D00 /* ViewController.xib in Resources */,
				BC88B33B1973F8A900C6476D /* InfoPlist.strings in Resources */,
			);
			runOnlyForDeploymentPostprocessing = 0;
		};
		BC88B34F1973F8A900C6476D /* Resources */ = {
			isa = PBXResourcesBuildPhase;
			buildActionMask = 2147483647;
			files = (
				BC88B35D1973F8A900C6476D /* InfoPlist.strings in Resources */,
			);
			runOnlyForDeploymentPostprocessing = 0;
		};
/* End PBXResourcesBuildPhase section */

/* Begin PBXSourcesBuildPhase section */
		BC88B3291973F8A900C6476D /* Sources */ = {
			isa = PBXSourcesBuildPhase;
			buildActionMask = 2147483647;
			files = (
				BCAD072B197E5BCB0037ED00 /* NoteBookRepository.m in Sources */,
				BC5CDFB51975499900E636B5 /* SinglePerson.m in Sources */,
				BC88B34A1973F8A900C6476D /* ViewController.m in Sources */,
				BC88B3411973F8A900C6476D /* AppDelegate.m in Sources */,
				BC562318197D463F00A9D8C8 /* NotebookModel.xcdatamodeld in Sources */,
				BC88B36C197400AF00C6476D /* ContactsModel.m in Sources */,
				BC88B3701974025B00C6476D /* AddEditViewController.m in Sources */,
				BC88B33D1973F8A900C6476D /* main.m in Sources */,
			);
			runOnlyForDeploymentPostprocessing = 0;
		};
		BC88B34D1973F8A900C6476D /* Sources */ = {
			isa = PBXSourcesBuildPhase;
			buildActionMask = 2147483647;
			files = (
				BC88B35F1973F8A900C6476D /* Notebook2Tests.m in Sources */,
			);
			runOnlyForDeploymentPostprocessing = 0;
		};
/* End PBXSourcesBuildPhase section */

/* Begin PBXTargetDependency section */
		BC88B3571973F8A900C6476D /* PBXTargetDependency */ = {
			isa = PBXTargetDependency;
			target = BC88B32C1973F8A900C6476D /* Notebook2 */;
			targetProxy = BC88B3561973F8A900C6476D /* PBXContainerItemProxy */;
		};
/* End PBXTargetDependency section */

/* Begin PBXVariantGroup section */
		BC88B3391973F8A900C6476D /* InfoPlist.strings */ = {
			isa = PBXVariantGroup;
			children = (
				BC88B33A1973F8A900C6476D /* en */,
			);
			name = InfoPlist.strings;
			sourceTree = "<group>";
		};
		BC88B35B1973F8A900C6476D /* InfoPlist.strings */ = {
			isa = PBXVariantGroup;
			children = (
				BC88B35C1973F8A900C6476D /* en */,
			);
			name = InfoPlist.strings;
			sourceTree = "<group>";
		};
		BCA58374197FF15F009B4D00 /* AddEditViewController.xib */ = {
			isa = PBXVariantGroup;
			children = (
				BCA58373197FF15F009B4D00 /* en */,
			);
			name = AddEditViewController.xib;
			sourceTree = "<group>";
		};
/* End PBXVariantGroup section */

/* Begin XCBuildConfiguration section */
		BC88B3601973F8A900C6476D /* Debug */ = {
			isa = XCBuildConfiguration;
			buildSettings = {
				ALWAYS_SEARCH_USER_PATHS = NO;
				CLANG_CXX_LANGUAGE_STANDARD = "gnu++0x";
				CLANG_CXX_LIBRARY = "libc++";
				CLANG_ENABLE_MODULES = YES;
				CLANG_ENABLE_OBJC_ARC = YES;
				CLANG_WARN_BOOL_CONVERSION = YES;
				CLANG_WARN_CONSTANT_CONVERSION = YES;
				CLANG_WARN_DIRECT_OBJC_ISA_USAGE = YES_ERROR;
				CLANG_WARN_EMPTY_BODY = YES;
				CLANG_WARN_ENUM_CONVERSION = YES;
				CLANG_WARN_INT_CONVERSION = YES;
				CLANG_WARN_OBJC_ROOT_CLASS = YES_ERROR;
				CLANG_WARN__DUPLICATE_METHOD_MATCH = YES;
				"CODE_SIGN_IDENTITY[sdk=iphoneos*]" = "iPhone Developer";
				COPY_PHASE_STRIP = NO;
				GCC_C_LANGUAGE_STANDARD = gnu99;
				GCC_DYNAMIC_NO_PIC = NO;
				GCC_OPTIMIZATION_LEVEL = 0;
				GCC_PREPROCESSOR_DEFINITIONS = (
					"DEBUG=1",
					"$(inherited)",
				);
				GCC_SYMBOLS_PRIVATE_EXTERN = NO;
				GCC_WARN_64_TO_32_BIT_CONVERSION = YES;
				GCC_WARN_ABOUT_RETURN_TYPE = YES_ERROR;
				GCC_WARN_UNDECLARED_SELECTOR = YES;
				GCC_WARN_UNINITIALIZED_AUTOS = YES_AGGRESSIVE;
				GCC_WARN_UNUSED_FUNCTION = YES;
				GCC_WARN_UNUSED_VARIABLE = YES;
				IPHONEOS_DEPLOYMENT_TARGET = 7.1;
				ONLY_ACTIVE_ARCH = YES;
				SDKROOT = iphoneos;
				TARGETED_DEVICE_FAMILY = "1,2";
			};
			name = Debug;
		};
		BC88B3611973F8A900C6476D /* Release */ = {
			isa = XCBuildConfiguration;
			buildSettings = {
				ALWAYS_SEARCH_USER_PATHS = NO;
				CLANG_CXX_LANGUAGE_STANDARD = "gnu++0x";
				CLANG_CXX_LIBRARY = "libc++";
				CLANG_ENABLE_MODULES = YES;
				CLANG_ENABLE_OBJC_ARC = YES;
				CLANG_WARN_BOOL_CONVERSION = YES;
				CLANG_WARN_CONSTANT_CONVERSION = YES;
				CLANG_WARN_DIRECT_OBJC_ISA_USAGE = YES_ERROR;
				CLANG_WARN_EMPTY_BODY = YES;
				CLANG_WARN_ENUM_CONVERSION = YES;
				CLANG_WARN_INT_CONVERSION = YES;
				CLANG_WARN_OBJC_ROOT_CLASS = YES_ERROR;
				CLANG_WARN__DUPLICATE_METHOD_MATCH = YES;
				"CODE_SIGN_IDENTITY[sdk=iphoneos*]" = "iPhone Developer";
				COPY_PHASE_STRIP = YES;
				ENABLE_NS_ASSERTIONS = NO;
				GCC_C_LANGUAGE_STANDARD = gnu99;
				GCC_WARN_64_TO_32_BIT_CONVERSION = YES;
				GCC_WARN_ABOUT_RETURN_TYPE = YES_ERROR;
				GCC_WARN_UNDECLARED_SELECTOR = YES;
				GCC_WARN_UNINITIALIZED_AUTOS = YES_AGGRESSIVE;
				GCC_WARN_UNUSED_FUNCTION = YES;
				GCC_WARN_UNUSED_VARIABLE = YES;
				IPHONEOS_DEPLOYMENT_TARGET = 7.1;
				SDKROOT = iphoneos;
				TARGETED_DEVICE_FAMILY = "1,2";
				VALIDATE_PRODUCT = YES;
			};
			name = Release;
		};
		BC88B3631973F8A900C6476D /* Debug */ = {
			isa = XCBuildConfiguration;
			buildSettings = {
				ASSETCATALOG_COMPILER_APPICON_NAME = AppIcon;
				ASSETCATALOG_COMPILER_LAUNCHIMAGE_NAME = LaunchImage;
				FRAMEWORK_SEARCH_PATHS = (
					"$(inherited)",
					/Users/Pershin_Sergey/Documents/FacebookSDK,
				);
				GCC_PRECOMPILE_PREFIX_HEADER = YES;
				GCC_PREFIX_HEADER = "Notebook2/Notebook2-Prefix.pch";
				INFOPLIST_FILE = "Notebook2/Notebook2-Info.plist";
				PRODUCT_NAME = "$(TARGET_NAME)";
				WRAPPER_EXTENSION = app;
			};
			name = Debug;
		};
		BC88B3641973F8A900C6476D /* Release */ = {
			isa = XCBuildConfiguration;
			buildSettings = {
				ASSETCATALOG_COMPILER_APPICON_NAME = AppIcon;
				ASSETCATALOG_COMPILER_LAUNCHIMAGE_NAME = LaunchImage;
				FRAMEWORK_SEARCH_PATHS = (
					"$(inherited)",
					/Users/Pershin_Sergey/Documents/FacebookSDK,
				);
				GCC_PRECOMPILE_PREFIX_HEADER = YES;
				GCC_PREFIX_HEADER = "Notebook2/Notebook2-Prefix.pch";
				INFOPLIST_FILE = "Notebook2/Notebook2-Info.plist";
				PRODUCT_NAME = "$(TARGET_NAME)";
				WRAPPER_EXTENSION = app;
			};
			name = Release;
		};
		BC88B3661973F8A900C6476D /* Debug */ = {
			isa = XCBuildConfiguration;
			buildSettings = {
				BUNDLE_LOADER = "$(BUILT_PRODUCTS_DIR)/Notebook2.app/Notebook2";
				FRAMEWORK_SEARCH_PATHS = (
					"$(SDKROOT)/Developer/Library/Frameworks",
					"$(inherited)",
					"$(DEVELOPER_FRAMEWORKS_DIR)",
				);
				GCC_PRECOMPILE_PREFIX_HEADER = YES;
				GCC_PREFIX_HEADER = "Notebook2/Notebook2-Prefix.pch";
				GCC_PREPROCESSOR_DEFINITIONS = (
					"DEBUG=1",
					"$(inherited)",
				);
				INFOPLIST_FILE = "Notebook2Tests/Notebook2Tests-Info.plist";
				PRODUCT_NAME = "$(TARGET_NAME)";
				TEST_HOST = "$(BUNDLE_LOADER)";
				WRAPPER_EXTENSION = xctest;
			};
			name = Debug;
		};
		BC88B3671973F8A900C6476D /* Release */ = {
			isa = XCBuildConfiguration;
			buildSettings = {
				BUNDLE_LOADER = "$(BUILT_PRODUCTS_DIR)/Notebook2.app/Notebook2";
				FRAMEWORK_SEARCH_PATHS = (
					"$(SDKROOT)/Developer/Library/Frameworks",
					"$(inherited)",
					"$(DEVELOPER_FRAMEWORKS_DIR)",
				);
				GCC_PRECOMPILE_PREFIX_HEADER = YES;
				GCC_PREFIX_HEADER = "Notebook2/Notebook2-Prefix.pch";
				INFOPLIST_FILE = "Notebook2Tests/Notebook2Tests-Info.plist";
				PRODUCT_NAME = "$(TARGET_NAME)";
				TEST_HOST = "$(BUNDLE_LOADER)";
				WRAPPER_EXTENSION = xctest;
			};
			name = Release;
		};
/* End XCBuildConfiguration section */

/* Begin XCConfigurationList section */
		BC88B3281973F8A900C6476D /* Build configuration list for PBXProject "Notebook2" */ = {
			isa = XCConfigurationList;
			buildConfigurations = (
				BC88B3601973F8A900C6476D /* Debug */,
				BC88B3611973F8A900C6476D /* Release */,
			);
			defaultConfigurationIsVisible = 0;
			defaultConfigurationName = Release;
		};
		BC88B3621973F8A900C6476D /* Build configuration list for PBXNativeTarget "Notebook2" */ = {
			isa = XCConfigurationList;
			buildConfigurations = (
				BC88B3631973F8A900C6476D /* Debug */,
				BC88B3641973F8A900C6476D /* Release */,
			);
			defaultConfigurationIsVisible = 0;
			defaultConfigurationName = Release;
		};
		BC88B3651973F8A900C6476D /* Build configuration list for PBXNativeTarget "Notebook2Tests" */ = {
			isa = XCConfigurationList;
			buildConfigurations = (
				BC88B3661973F8A900C6476D /* Debug */,
				BC88B3671973F8A900C6476D /* Release */,
			);
			defaultConfigurationIsVisible = 0;
			defaultConfigurationName = Release;
		};
/* End XCConfigurationList section */

/* Begin XCVersionGroup section */
		BC562316197D463F00A9D8C8 /* NotebookModel.xcdatamodeld */ = {
			isa = XCVersionGroup;
			children = (
				BC562317197D463F00A9D8C8 /* NotebookModel.xcdatamodel */,
			);
			currentVersion = BC562317197D463F00A9D8C8 /* NotebookModel.xcdatamodel */;
			path = NotebookModel.xcdatamodeld;
			sourceTree = "<group>";
			versionGroupType = wrapper.xcdatamodel;
		};
/* End XCVersionGroup section */
	};
	rootObject = BC88B3251973F8A900C6476D /* Project object */;
}
